
Microsoft Visual Studio Solution File, Format Version 12.00
# Visual Studio 14
VisualStudioVersion = 14.0.24720.0
MinimumVisualStudioVersion = 10.0.40219.1
Project("{9092AA53-FB77-4645-B42D-1CCCA6BD08BD}") = "Dis.RayTracer", "Dis.RayTracer\Dis.RayTracer.njsproj", "{E64625F3-109A-49FF-8B6B-54FD6D93641E}"
EndProject
Project("{9092AA53-FB77-4645-B42D-1CCCA6BD08BD}") = "Dis.RayTracer.Worker", "Dis.RayTracer.Worker\Dis.RayTracer.Worker.njsproj", "{4F1E6423-EE02-4B52-8433-99BF080981F8}"
EndProject
Project("{2150E333-8FDC-42A3-9474-1A3956D46DE8}") = "Documents", "Documents", "{43A9997C-BCAB-4C42-9A5C-D5E2727F68F6}"
	ProjectSection(SolutionItems) = preProject
		..\..\Readme.md = ..\..\Readme.md
	EndProjectSection
EndProject
Global
	GlobalSection(SolutionConfigurationPlatforms) = preSolution
		Debug|Any CPU = Debug|Any CPU
		Release|Any CPU = Release|Any CPU
	EndGlobalSection
	GlobalSection(ProjectConfigurationPlatforms) = postSolution
		{E64625F3-109A-49FF-8B6B-54FD6D93641E}.Debug|Any CPU.ActiveCfg = Debug|Any CPU
		{E64625F3-109A-49FF-8B6B-54FD6D93641E}.Debug|Any CPU.Build.0 = Debug|Any CPU
		{E64625F3-109A-49FF-8B6B-54FD6D93641E}.Release|Any CPU.ActiveCfg = Release|Any CPU
		{E64625F3-109A-49FF-8B6B-54FD6D93641E}.Release|Any CPU.Build.0 = Release|Any CPU
		{4F1E6423-EE02-4B52-8433-99BF080981F8}.Debug|Any CPU.ActiveCfg = Debug|Any CPU
		{4F1E6423-EE02-4B52-8433-99BF080981F8}.Debug|Any CPU.Build.0 = Debug|Any CPU
		{4F1E6423-EE02-4B52-8433-99BF080981F8}.Release|Any CPU.ActiveCfg = Release|Any CPU
		{4F1E6423-EE02-4B52-8433-99BF080981F8}.Release|Any CPU.Build.0 = Release|Any CPU
	EndGlobalSection
	GlobalSection(SolutionProperties) = preSolution
		HideSolutionNode = FALSE
	EndGlobalSection
EndGlobal
